
Microsoft Visual Studio Solution File, Format Version 12.00
# Visual Studio Version 17
VisualStudioVersion = 17.8.34316.72
MinimumVisualStudioVersion = 10.0.40219.1
Project("{FAE04EC0-301F-11D3-BF4B-00C04F79EFBC}") = "Uppgift2-deploy-to-Azure", "Uppgift2-deploy-to-Azure\Uppgift2-deploy-to-Azure.csproj", "{6ACC08AE-C9E4-4194-BE7C-05EA8B22C5BE}"
EndProject
Global
	GlobalSection(SolutionConfigurationPlatforms) = preSolution
		Debug|Any CPU = Debug|Any CPU
		Release|Any CPU = Release|Any CPU
	EndGlobalSection
	GlobalSection(ProjectConfigurationPlatforms) = postSolution
		{6ACC08AE-C9E4-4194-BE7C-05EA8B22C5BE}.Debug|Any CPU.ActiveCfg = Debug|Any CPU
		{6ACC08AE-C9E4-4194-BE7C-05EA8B22C5BE}.Debug|Any CPU.Build.0 = Debug|Any CPU
		{6ACC08AE-C9E4-4194-BE7C-05EA8B22C5BE}.Release|Any CPU.ActiveCfg = Release|Any CPU
		{6ACC08AE-C9E4-4194-BE7C-05EA8B22C5BE}.Release|Any CPU.Build.0 = Release|Any CPU
	EndGlobalSection
	GlobalSection(SolutionProperties) = preSolution
		HideSolutionNode = FALSE
	EndGlobalSection
	GlobalSection(ExtensibilityGlobals) = postSolution
		SolutionGuid = {A2FFF816-D7DF-44C2-B2A7-B6F30299D63A}
	EndGlobalSection
EndGlobal
